
Microsoft Visual Studio Solution File, Format Version 12.00
# Visual Studio 2013
Project("{FAE04EC0-301F-11D3-BF4B-00C04F79EFBC}") = "StrechyBall.CSharp", "StrechyBall.CSharp.csproj", "{1EAF539E-D851-454F-8C56-D096702D622E}"
EndProject
Global
	GlobalSection(SolutionConfigurationPlatforms) = preSolution
		Debug|Any CPU = Debug|Any CPU
		Release|Any CPU = Release|Any CPU
	EndGlobalSection
	GlobalSection(ProjectConfigurationPlatforms) = postSolution
		{1EAF539E-D851-454F-8C56-D096702D622E}.Debug|Any CPU.ActiveCfg = Debug|Any CPU
		{1EAF539E-D851-454F-8C56-D096702D622E}.Debug|Any CPU.Build.0 = Debug|Any CPU
		{1EAF539E-D851-454F-8C56-D096702D622E}.Release|Any CPU.ActiveCfg = Release|Any CPU
		{1EAF539E-D851-454F-8C56-D096702D622E}.Release|Any CPU.Build.0 = Release|Any CPU
	EndGlobalSection
	GlobalSection(SolutionProperties) = preSolution
		HideSolutionNode = FALSE
	EndGlobalSection
EndGlobal
